
Microsoft Visual Studio Solution File, Format Version 12.00
# Visual Studio Version 17
VisualStudioVersion = 17.12.35506.116
MinimumVisualStudioVersion = 10.0.40219.1
Project("{FAE04EC0-301F-11D3-BF4B-00C04F79EFBC}") = "NetCoreAI.Project01_ApiDemo", "NetCoreAI.Project01_ApiDemo\NetCoreAI.Project01_ApiDemo.csproj", "{4970D656-6724-456A-A93E-E438FBE7BA2D}"
EndProject
Project("{FAE04EC0-301F-11D3-BF4B-00C04F79EFBC}") = "NetCoreAI.Project02_ApiConsumeUI", "NetCoreAI.Project02_ApiConsumeUI\NetCoreAI.Project02_ApiConsumeUI.csproj", "{37BF630A-A432-4701-9267-A97CE20DCCD0}"
EndProject
Project("{FAE04EC0-301F-11D3-BF4B-00C04F79EFBC}") = "NetCoreAI.Project03_RapidApi", "NetCoreAI.Project03_RapidApi\NetCoreAI.Project03_RapidApi.csproj", "{18B675D8-CC9E-418C-91BF-D56B7E719B8B}"
EndProject
Project("{FAE04EC0-301F-11D3-BF4B-00C04F79EFBC}") = "NetCoreAI.Project04_OpenAIChat", "NetCoreAI.Project04_OpenAIChat\NetCoreAI.Project04_OpenAIChat.csproj", "{A07BE578-A96B-43FC-8283-5B2A7CFC1E7C}"
EndProject
Project("{FAE04EC0-301F-11D3-BF4B-00C04F79EFBC}") = "NetCoreAI.Project05_TesseractOcr", "NetCoreAI.Project05_TesseractOcr\NetCoreAI.Project05_TesseractOcr.csproj", "{DEF864A4-A711-4393-9435-E60E9C0D0676}"
EndProject
Global
	GlobalSection(SolutionConfigurationPlatforms) = preSolution
		Debug|Any CPU = Debug|Any CPU
		Release|Any CPU = Release|Any CPU
	EndGlobalSection
	GlobalSection(ProjectConfigurationPlatforms) = postSolution
		{4970D656-6724-456A-A93E-E438FBE7BA2D}.Debug|Any CPU.ActiveCfg = Debug|Any CPU
		{4970D656-6724-456A-A93E-E438FBE7BA2D}.Debug|Any CPU.Build.0 = Debug|Any CPU
		{4970D656-6724-456A-A93E-E438FBE7BA2D}.Release|Any CPU.ActiveCfg = Release|Any CPU
		{4970D656-6724-456A-A93E-E438FBE7BA2D}.Release|Any CPU.Build.0 = Release|Any CPU
		{37BF630A-A432-4701-9267-A97CE20DCCD0}.Debug|Any CPU.ActiveCfg = Debug|Any CPU
		{37BF630A-A432-4701-9267-A97CE20DCCD0}.Debug|Any CPU.Build.0 = Debug|Any CPU
		{37BF630A-A432-4701-9267-A97CE20DCCD0}.Release|Any CPU.ActiveCfg = Release|Any CPU
		{37BF630A-A432-4701-9267-A97CE20DCCD0}.Release|Any CPU.Build.0 = Release|Any CPU
		{18B675D8-CC9E-418C-91BF-D56B7E719B8B}.Debug|Any CPU.ActiveCfg = Debug|Any CPU
		{18B675D8-CC9E-418C-91BF-D56B7E719B8B}.Debug|Any CPU.Build.0 = Debug|Any CPU
		{18B675D8-CC9E-418C-91BF-D56B7E719B8B}.Release|Any CPU.ActiveCfg = Release|Any CPU
		{18B675D8-CC9E-418C-91BF-D56B7E719B8B}.Release|Any CPU.Build.0 = Release|Any CPU
		{A07BE578-A96B-43FC-8283-5B2A7CFC1E7C}.Debug|Any CPU.ActiveCfg = Debug|Any CPU
		{A07BE578-A96B-43FC-8283-5B2A7CFC1E7C}.Debug|Any CPU.Build.0 = Debug|Any CPU
		{A07BE578-A96B-43FC-8283-5B2A7CFC1E7C}.Release|Any CPU.ActiveCfg = Release|Any CPU
		{A07BE578-A96B-43FC-8283-5B2A7CFC1E7C}.Release|Any CPU.Build.0 = Release|Any CPU
		{DEF864A4-A711-4393-9435-E60E9C0D0676}.Debug|Any CPU.ActiveCfg = Debug|Any CPU
		{DEF864A4-A711-4393-9435-E60E9C0D0676}.Debug|Any CPU.Build.0 = Debug|Any CPU
		{DEF864A4-A711-4393-9435-E60E9C0D0676}.Release|Any CPU.ActiveCfg = Release|Any CPU
		{DEF864A4-A711-4393-9435-E60E9C0D0676}.Release|Any CPU.Build.0 = Release|Any CPU
	EndGlobalSection
	GlobalSection(SolutionProperties) = preSolution
		HideSolutionNode = FALSE
	EndGlobalSection
EndGlobal
